
Microsoft Visual Studio Solution File, Format Version 12.00
# Visual Studio Version 16
VisualStudioVersion = 16.0.31205.134
MinimumVisualStudioVersion = 10.0.40219.1
Project("{9A19103F-16F7-4668-BE54-9A1E7A4F7556}") = "truyenthanhServerWeb", "truyenthanhServerWeb\truyenthanhServerWeb.csproj", "{0E85DEAC-5BC2-4637-A1FD-3F28F889EF0D}"
EndProject
Global
	GlobalSection(SolutionConfigurationPlatforms) = preSolution
		Debug|Any CPU = Debug|Any CPU
		Release|Any CPU = Release|Any CPU
	EndGlobalSection
	GlobalSection(ProjectConfigurationPlatforms) = postSolution
		{0E85DEAC-5BC2-4637-A1FD-3F28F889EF0D}.Debug|Any CPU.ActiveCfg = Debug|Any CPU
		{0E85DEAC-5BC2-4637-A1FD-3F28F889EF0D}.Debug|Any CPU.Build.0 = Debug|Any CPU
		{0E85DEAC-5BC2-4637-A1FD-3F28F889EF0D}.Release|Any CPU.ActiveCfg = Release|Any CPU
		{0E85DEAC-5BC2-4637-A1FD-3F28F889EF0D}.Release|Any CPU.Build.0 = Release|Any CPU
	EndGlobalSection
	GlobalSection(SolutionProperties) = preSolution
		HideSolutionNode = FALSE
	EndGlobalSection
	GlobalSection(ExtensibilityGlobals) = postSolution
		SolutionGuid = {CF38EC95-42BA-4996-9844-40FCA4F440B6}
	EndGlobalSection
EndGlobal
